
Microsoft Visual Studio Solution File, Format Version 12.00
# Visual Studio Version 16
VisualStudioVersion = 16.0.30907.101
MinimumVisualStudioVersion = 10.0.40219.1
Project("{FAE04EC0-301F-11D3-BF4B-00C04F79EFBC}") = "RiplTrackingSystem", "RiplTrackingSystem.csproj", "{79ADE7EB-260D-4056-A557-7B9A55DE2C5A}"
EndProject
Global
	GlobalSection(SolutionConfigurationPlatforms) = preSolution
		Debug|Any CPU = Debug|Any CPU
		Release|Any CPU = Release|Any CPU
	EndGlobalSection
	GlobalSection(ProjectConfigurationPlatforms) = postSolution
		{79ADE7EB-260D-4056-A557-7B9A55DE2C5A}.Debug|Any CPU.ActiveCfg = Debug|Any CPU
		{79ADE7EB-260D-4056-A557-7B9A55DE2C5A}.Debug|Any CPU.Build.0 = Debug|Any CPU
		{79ADE7EB-260D-4056-A557-7B9A55DE2C5A}.Release|Any CPU.ActiveCfg = Release|Any CPU
		{79ADE7EB-260D-4056-A557-7B9A55DE2C5A}.Release|Any CPU.Build.0 = Release|Any CPU
	EndGlobalSection
	GlobalSection(SolutionProperties) = preSolution
		HideSolutionNode = FALSE
	EndGlobalSection
	GlobalSection(ExtensibilityGlobals) = postSolution
		SolutionGuid = {8CA2FAB1-2D82-4011-8A88-5B4F9B04BDCB}
	EndGlobalSection
EndGlobal
